
Microsoft Visual Studio Solution File, Format Version 12.00
# Visual Studio 15
VisualStudioVersion = 15.0.28307.438
MinimumVisualStudioVersion = 10.0.40219.1
Project("{FAE04EC0-301F-11D3-BF4B-00C04F79EFBC}") = "SammysAuto", "SammysAuto\SammysAuto.csproj", "{38B79D15-3DBD-4FB8-8FB5-624353D75C7C}"
EndProject
Global
	GlobalSection(SolutionConfigurationPlatforms) = preSolution
		Debug|Any CPU = Debug|Any CPU
		Release|Any CPU = Release|Any CPU
	EndGlobalSection
	GlobalSection(ProjectConfigurationPlatforms) = postSolution
		{38B79D15-3DBD-4FB8-8FB5-624353D75C7C}.Debug|Any CPU.ActiveCfg = Debug|Any CPU
		{38B79D15-3DBD-4FB8-8FB5-624353D75C7C}.Debug|Any CPU.Build.0 = Debug|Any CPU
		{38B79D15-3DBD-4FB8-8FB5-624353D75C7C}.Release|Any CPU.ActiveCfg = Release|Any CPU
		{38B79D15-3DBD-4FB8-8FB5-624353D75C7C}.Release|Any CPU.Build.0 = Release|Any CPU
	EndGlobalSection
	GlobalSection(SolutionProperties) = preSolution
		HideSolutionNode = FALSE
	EndGlobalSection
	GlobalSection(ExtensibilityGlobals) = postSolution
		SolutionGuid = {8771CD4E-5376-4C79-A07D-9F5F71191E75}
	EndGlobalSection
EndGlobal
